
Microsoft Visual Studio Solution File, Format Version 12.00
# Visual Studio Version 17
VisualStudioVersion = 17.8.34316.72
MinimumVisualStudioVersion = 10.0.40219.1
Project("{FAE04EC0-301F-11D3-BF4B-00C04F79EFBC}") = "SimpleSelfEmployApi", "SimpleSelfEmployApi.csproj", "{F350C328-6B94-45EE-8320-AFAEA907DDC1}"
EndProject
Global
	GlobalSection(SolutionConfigurationPlatforms) = preSolution
		Debug|Any CPU = Debug|Any CPU
		Release|Any CPU = Release|Any CPU
	EndGlobalSection
	GlobalSection(ProjectConfigurationPlatforms) = postSolution
		{F350C328-6B94-45EE-8320-AFAEA907DDC1}.Debug|Any CPU.ActiveCfg = Debug|Any CPU
		{F350C328-6B94-45EE-8320-AFAEA907DDC1}.Debug|Any CPU.Build.0 = Debug|Any CPU
		{F350C328-6B94-45EE-8320-AFAEA907DDC1}.Release|Any CPU.ActiveCfg = Release|Any CPU
		{F350C328-6B94-45EE-8320-AFAEA907DDC1}.Release|Any CPU.Build.0 = Release|Any CPU
	EndGlobalSection
	GlobalSection(SolutionProperties) = preSolution
		HideSolutionNode = FALSE
	EndGlobalSection
	GlobalSection(ExtensibilityGlobals) = postSolution
		SolutionGuid = {E7D9DB25-646D-4112-8062-ABC92D06F3CB}
	EndGlobalSection
EndGlobal
